
Microsoft Visual Studio Solution File, Format Version 12.00
# Visual Studio Version 17
VisualStudioVersion = 17.0.31903.59
MinimumVisualStudioVersion = 10.0.40219.1
Project("{9A19103F-16F7-4668-BE54-9A1E7A4F7556}") = "CDataProviderTestApp", "CDataProviderTestApp.csproj", "{3AE4087F-E611-43B8-A758-E67D3D0C9347}"
EndProject
Global
	GlobalSection(SolutionConfigurationPlatforms) = preSolution
		Debug|Any CPU = Debug|Any CPU
		Release|Any CPU = Release|Any CPU
	EndGlobalSection
	GlobalSection(ProjectConfigurationPlatforms) = postSolution
		{3AE4087F-E611-43B8-A758-E67D3D0C9347}.Debug|Any CPU.ActiveCfg = Debug|Any CPU
		{3AE4087F-E611-43B8-A758-E67D3D0C9347}.Debug|Any CPU.Build.0 = Debug|Any CPU
		{3AE4087F-E611-43B8-A758-E67D3D0C9347}.Release|Any CPU.ActiveCfg = Release|Any CPU
		{3AE4087F-E611-43B8-A758-E67D3D0C9347}.Release|Any CPU.Build.0 = Release|Any CPU
	EndGlobalSection
	GlobalSection(SolutionProperties) = preSolution
		HideSolutionNode = FALSE
	EndGlobalSection
	GlobalSection(ExtensibilityGlobals) = postSolution
		SolutionGuid = {51CECDB9-AED7-4D3B-A269-559B24D13B3D}
	EndGlobalSection
EndGlobal
